
"@esbuild/win32-x64@0.25.10":
  version "0.25.10"
  resolved "https://registry.npmjs.org/@esbuild/win32-x64/-/win32-x64-0.25.10.tgz"
  integrity sha512-9KpxSVFCu0iK1owoez6aC/s/EdUQLDN3adTxGCqxMVhrPDj6bt5dbrHDXUuq+Bs2vATFBBrQS5vdQ/Ed2P+nbw==
  "@esbuild/darwin-arm64@0.25.10":
  version "0.25.10"
  resolved "https://registry.npmjs.org/@esbuild/darwin-arm64/-/darwin-arm64-0.25.10.tgz"
  integrity sha512-JC74bdXcQEpW9KkV326WpZZjLguSZ3DfS8wrrvPMHgQOIEIG/sPXEN/V8IssoJhbefLRcRqw6RQH2NnpdprtMA==